
Microsoft Visual Studio Solution File, Format Version 12.00
# Visual Studio Version 17
VisualStudioVersion = 17.7.34031.279
MinimumVisualStudioVersion = 10.0.40219.1
Project("{FAE04EC0-301F-11D3-BF4B-00C04F79EFBC}") = "NetworkTests", "NetworkTests\NetworkTests.csproj", "{34C57ACB-9A8E-4945-897C-20F4A339D0C5}"
EndProject
Global
	GlobalSection(SolutionConfigurationPlatforms) = preSolution
		Debug|Any CPU = Debug|Any CPU
		Release|Any CPU = Release|Any CPU
	EndGlobalSection
	GlobalSection(ProjectConfigurationPlatforms) = postSolution
		{34C57ACB-9A8E-4945-897C-20F4A339D0C5}.Debug|Any CPU.ActiveCfg = Debug|Any CPU
		{34C57ACB-9A8E-4945-897C-20F4A339D0C5}.Debug|Any CPU.Build.0 = Debug|Any CPU
		{34C57ACB-9A8E-4945-897C-20F4A339D0C5}.Release|Any CPU.ActiveCfg = Release|Any CPU
		{34C57ACB-9A8E-4945-897C-20F4A339D0C5}.Release|Any CPU.Build.0 = Release|Any CPU
	EndGlobalSection
	GlobalSection(SolutionProperties) = preSolution
		HideSolutionNode = FALSE
	EndGlobalSection
	GlobalSection(ExtensibilityGlobals) = postSolution
		SolutionGuid = {7030D836-A510-4AD9-A9EC-0FC9C959D0A5}
	EndGlobalSection
EndGlobal
